// !$*UTF8*$!
{
	archiveVersion = 1;
	classes = {
	};
	objectVersion = 50;
	objects = {

/* Begin PBXBuildFile section */
		28093C5123C10C8C00AA942A /* TripModel.swift in Sources */ = {isa = PBXBuildFile; fileRef = 28093C5023C10C8C00AA942A /* TripModel.swift */; };
		28093C5323C10C9A00AA942A /* TripFunctions.swift in Sources */ = {isa = PBXBuildFile; fileRef = 28093C5223C10C9A00AA942A /* TripFunctions.swift */; };
		28093C5523C10ED500AA942A /* Data.swift in Sources */ = {isa = PBXBuildFile; fileRef = 28093C5423C10ED500AA942A /* Data.swift */; };
		28747EC423C0E747003BFD9E /* AppDelegate.swift in Sources */ = {isa = PBXBuildFile; fileRef = 28747EC323C0E747003BFD9E /* AppDelegate.swift */; };
		28747EC623C0E747003BFD9E /* SceneDelegate.swift in Sources */ = {isa = PBXBuildFile; fileRef = 28747EC523C0E747003BFD9E /* SceneDelegate.swift */; };
		28747ECD23C0E748003BFD9E /* Assets.xcassets in Resources */ = {isa = PBXBuildFile; fileRef = 28747ECC23C0E748003BFD9E /* Assets.xcassets */; };
		28747ED023C0E748003BFD9E /* LaunchScreen.storyboard in Resources */ = {isa = PBXBuildFile; fileRef = 28747ECE23C0E748003BFD9E /* LaunchScreen.storyboard */; };
/* End PBXBuildFile section */

/* Begin PBXFileReference section */
		28093C5023C10C8C00AA942A /* TripModel.swift */ = {isa = PBXFileReference; lastKnownFileType = sourcecode.swift; path = TripModel.swift; sourceTree = "<group>"; };
		28093C5223C10C9A00AA942A /* TripFunctions.swift */ = {isa = PBXFileReference; lastKnownFileType = sourcecode.swift; path = TripFunctions.swift; sourceTree = "<group>"; };
		28093C5423C10ED500AA942A /* Data.swift */ = {isa = PBXFileReference; lastKnownFileType = sourcecode.swift; path = Data.swift; sourceTree = "<group>"; };
		28747EC023C0E747003BFD9E /* Iternarya.app */ = {isa = PBXFileReference; explicitFileType = wrapper.application; includeInIndex = 0; path = Iternarya.app; sourceTree = BUILT_PRODUCTS_DIR; };
		28747EC323C0E747003BFD9E /* AppDelegate.swift */ = {isa = PBXFileReference; lastKnownFileType = sourcecode.swift; path = AppDelegate.swift; sourceTree = "<group>"; };
		28747EC523C0E747003BFD9E /* SceneDelegate.swift */ = {isa = PBXFileReference; lastKnownFileType = sourcecode.swift; path = SceneDelegate.swift; sourceTree = "<group>"; };
		28747ECC23C0E748003BFD9E /* Assets.xcassets */ = {isa = PBXFileReference; lastKnownFileType = folder.assetcatalog; path = Assets.xcassets; sourceTree = "<group>"; };
		28747ECF23C0E748003BFD9E /* Base */ = {isa = PBXFileReference; lastKnownFileType = file.storyboard; name = Base; path = Base.lproj/LaunchScreen.storyboard; sourceTree = "<group>"; };
		28747ED123C0E748003BFD9E /* Info.plist */ = {isa = PBXFileReference; lastKnownFileType = text.plist.xml; path = Info.plist; sourceTree = "<group>"; };
/* End PBXFileReference section */

/* Begin PBXFrameworksBuildPhase section */
		28747EBD23C0E747003BFD9E /* Frameworks */ = {
			isa = PBXFrameworksBuildPhase;
			buildActionMask = 2147483647;
			files = (
			);
			runOnlyForDeploymentPostprocessing = 0;
		};
/* End PBXFrameworksBuildPhase section */

/* Begin PBXGroup section */
		28093C4E23C10C5500AA942A /* Model */ = {
			isa = PBXGroup;
			children = (
				28093C5423C10ED500AA942A /* Data.swift */,
				28093C4F23C10C6E00AA942A /* Trip */,
			);
			path = Model;
			sourceTree = "<group>";
		};
		28093C4F23C10C6E00AA942A /* Trip */ = {
			isa = PBXGroup;
			children = (
				28093C5023C10C8C00AA942A /* TripModel.swift */,
				28093C5223C10C9A00AA942A /* TripFunctions.swift */,
			);
			path = Trip;
			sourceTree = "<group>";
		};
		28747EB723C0E747003BFD9E = {
			isa = PBXGroup;
			children = (
				28747EC223C0E747003BFD9E /* Iternarya */,
				28747EC123C0E747003BFD9E /* Products */,
			);
			sourceTree = "<group>";
		};
		28747EC123C0E747003BFD9E /* Products */ = {
			isa = PBXGroup;
			children = (
				28747EC023C0E747003BFD9E /* Iternarya.app */,
			);
			name = Products;
			sourceTree = "<group>";
		};
		28747EC223C0E747003BFD9E /* Iternarya */ = {
			isa = PBXGroup;
			children = (
				28093C4E23C10C5500AA942A /* Model */,
				28747EC323C0E747003BFD9E /* AppDelegate.swift */,
				28747EC523C0E747003BFD9E /* SceneDelegate.swift */,
				28747ECC23C0E748003BFD9E /* Assets.xcassets */,
				28747ECE23C0E748003BFD9E /* LaunchScreen.storyboard */,
				28747ED123C0E748003BFD9E /* Info.plist */,
			);
			path = Iternarya;
			sourceTree = "<group>";
		};
/* End PBXGroup section */

/* Begin PBXNativeTarget section */
		28747EBF23C0E747003BFD9E /* Iternarya */ = {
			isa = PBXNativeTarget;
			buildConfigurationList = 28747ED423C0E748003BFD9E /* Build configuration list for PBXNativeTarget "Iternarya" */;
			buildPhases = (
				28747EBC23C0E747003BFD9E /* Sources */,
				28747EBD23C0E747003BFD9E /* Frameworks */,
				28747EBE23C0E747003BFD9E /* Resources */,
			);
			buildRules = (
			);
			dependencies = (
			);
			name = Iternarya;
			productName = Iternarya;
			productReference = 28747EC023C0E747003BFD9E /* Iternarya.app */;
			productType = "com.apple.product-type.application";
		};
/* End PBXNativeTarget section */

/* Begin PBXProject section */
		28747EB823C0E747003BFD9E /* Project object */ = {
			isa = PBXProject;
			attributes = {
				LastSwiftUpdateCheck = 1130;
				LastUpgradeCheck = 1130;
				ORGANIZATIONNAME = Hozaifa;
				TargetAttributes = {
					28747EBF23C0E747003BFD9E = {
						CreatedOnToolsVersion = 11.3;
					};
				};
			};
			buildConfigurationList = 28747EBB23C0E747003BFD9E /* Build configuration list for PBXProject "Iternarya" */;
			compatibilityVersion = "Xcode 9.3";
			developmentRegion = en;
			hasScannedForEncodings = 0;
			knownRegions = (
				en,
				Base,
			);
			mainGroup = 28747EB723C0E747003BFD9E;
			productRefGroup = 28747EC123C0E747003BFD9E /* Products */;
			projectDirPath = "";
			projectRoot = "";
			targets = (
				28747EBF23C0E747003BFD9E /* Iternarya */,
			);
		};
/* End PBXProject section */

/* Begin PBXResourcesBuildPhase section */
		28747EBE23C0E747003BFD9E /* Resources */ = {
			isa = PBXResourcesBuildPhase;
			buildActionMask = 2147483647;
			files = (
				28747ED023C0E748003BFD9E /* LaunchScreen.storyboard in Resources */,
				28747ECD23C0E748003BFD9E /* Assets.xcassets in Resources */,
			);
			runOnlyForDeploymentPostprocessing = 0;
		};
/* End PBXResourcesBuildPhase section */

/* Begin PBXSourcesBuildPhase section */
		28747EBC23C0E747003BFD9E /* Sources */ = {
			isa = PBXSourcesBuildPhase;
			buildActionMask = 2147483647;
			files = (
				28747EC423C0E747003BFD9E /* AppDelegate.swift in Sources */,
				28093C5523C10ED500AA942A /* Data.swift in Sources */,
				28747EC623C0E747003BFD9E /* SceneDelegate.swift in Sources */,
				28093C5323C10C9A00AA942A /* TripFunctions.swift in Sources */,
				28093C5123C10C8C00AA942A /* TripModel.swift in Sources */,
			);
			runOnlyForDeploymentPostprocessing = 0;
		};
/* End PBXSourcesBuildPhase section */

/* Begin PBXVariantGroup section */
		28747ECE23C0E748003BFD9E /* LaunchScreen.storyboard */ = {
			isa = PBXVariantGroup;
			children = (
				28747ECF23C0E748003BFD9E /* Base */,
			);
			name = LaunchScreen.storyboard;
			sourceTree = "<group>";
		};
/* End PBXVariantGroup section */

/* Begin XCBuildConfiguration section */
		28747ED223C0E748003BFD9E /* Debug */ = {
			isa = XCBuildConfiguration;
			buildSettings = {
				ALWAYS_SEARCH_USER_PATHS = NO;
				CLANG_ANALYZER_NONNULL = YES;
				CLANG_ANALYZER_NUMBER_OBJECT_CONVERSION = YES_AGGRESSIVE;
				CLANG_CXX_LANGUAGE_STANDARD = "gnu++14";
				CLANG_CXX_LIBRARY = "libc++";
				CLANG_ENABLE_MODULES = YES;
				CLANG_ENABLE_OBJC_ARC = YES;
				CLANG_ENABLE_OBJC_WEAK = YES;
				CLANG_WARN_BLOCK_CAPTURE_AUTORELEASING = YES;
				CLANG_WARN_BOOL_CONVERSION = YES;
				CLANG_WARN_COMMA = YES;
				CLANG_WARN_CONSTANT_CONVERSION = YES;
				CLANG_WARN_DEPRECATED_OBJC_IMPLEMENTATIONS = YES;
				CLANG_WARN_DIRECT_OBJC_ISA_USAGE = YES_ERROR;
				CLANG_WARN_DOCUMENTATION_COMMENTS = YES;
				CLANG_WARN_EMPTY_BODY = YES;
				CLANG_WARN_ENUM_CONVERSION = YES;
				CLANG_WARN_INFINITE_RECURSION = YES;
				CLANG_WARN_INT_CONVERSION = YES;
				CLANG_WARN_NON_LITERAL_NULL_CONVERSION = YES;
				CLANG_WARN_OBJC_IMPLICIT_RETAIN_SELF = YES;
				CLANG_WARN_OBJC_LITERAL_CONVERSION = YES;
				CLANG_WARN_OBJC_ROOT_CLASS = YES_ERROR;
				CLANG_WARN_RANGE_LOOP_ANALYSIS = YES;
				CLANG_WARN_STRICT_PROTOTYPES = YES;
				CLANG_WARN_SUSPICIOUS_MOVE = YES;
				CLANG_WARN_UNGUARDED_AVAILABILITY = YES_AGGRESSIVE;
				CLANG_WARN_UNREACHABLE_CODE = YES;
				CLANG_WARN__DUPLICATE_METHOD_MATCH = YES;
				COPY_PHASE_STRIP = NO;
				DEBUG_INFORMATION_FORMAT = dwarf;
				ENABLE_STRICT_OBJC_MSGSEND = YES;
				ENABLE_TESTABILITY = YES;
				GCC_C_LANGUAGE_STANDARD = gnu11;
				GCC_DYNAMIC_NO_PIC = NO;
				GCC_NO_COMMON_BLOCKS = YES;
				GCC_OPTIMIZATION_LEVEL = 0;
				GCC_PREPROCESSOR_DEFINITIONS = (
					"DEBUG=1",
					"$(inherited)",
				);
				GCC_WARN_64_TO_32_BIT_CONVERSION = YES;
				GCC_WARN_ABOUT_RETURN_TYPE = YES_ERROR;
				GCC_WARN_UNDECLARED_SELECTOR = YES;
				GCC_WARN_UNINITIALIZED_AUTOS = YES_AGGRESSIVE;
				GCC_WARN_UNUSED_FUNCTION = YES;
				GCC_WARN_UNUSED_VARIABLE = YES;
				IPHONEOS_DEPLOYMENT_TARGET = 13.2;
				MTL_ENABLE_DEBUG_INFO = INCLUDE_SOURCE;
				MTL_FAST_MATH = YES;
				ONLY_ACTIVE_ARCH = YES;
				SDKROOT = iphoneos;
				SWIFT_ACTIVE_COMPILATION_CONDITIONS = DEBUG;
				SWIFT_OPTIMIZATION_LEVEL = "-Onone";
			};
			name = Debug;
		};
		28747ED323C0E748003BFD9E /* Release */ = {
			isa = XCBuildConfiguration;
			buildSettings = {
				ALWAYS_SEARCH_USER_PATHS = NO;
				CLANG_ANALYZER_NONNULL = YES;
				CLANG_ANALYZER_NUMBER_OBJECT_CONVERSION = YES_AGGRESSIVE;
				CLANG_CXX_LANGUAGE_STANDARD = "gnu++14";
				CLANG_CXX_LIBRARY = "libc++";
				CLANG_ENABLE_MODULES = YES;
				CLANG_ENABLE_OBJC_ARC = YES;
				CLANG_ENABLE_OBJC_WEAK = YES;
				CLANG_WARN_BLOCK_CAPTURE_AUTORELEASING = YES;
				CLANG_WARN_BOOL_CONVERSION = YES;
				CLANG_WARN_COMMA = YES;
				CLANG_WARN_CONSTANT_CONVERSION = YES;
				CLANG_WARN_DEPRECATED_OBJC_IMPLEMENTATIONS = YES;
				CLANG_WARN_DIRECT_OBJC_ISA_USAGE = YES_ERROR;
				CLANG_WARN_DOCUMENTATION_COMMENTS = YES;
				CLANG_WARN_EMPTY_BODY = YES;
				CLANG_WARN_ENUM_CONVERSION = YES;
				CLANG_WARN_INFINITE_RECURSION = YES;
				CLANG_WARN_INT_CONVERSION = YES;
				CLANG_WARN_NON_LITERAL_NULL_CONVERSION = YES;
				CLANG_WARN_OBJC_IMPLICIT_RETAIN_SELF = YES;
				CLANG_WARN_OBJC_LITERAL_CONVERSION = YES;
				CLANG_WARN_OBJC_ROOT_CLASS = YES_ERROR;
				CLANG_WARN_RANGE_LOOP_ANALYSIS = YES;
				CLANG_WARN_STRICT_PROTOTYPES = YES;
				CLANG_WARN_SUSPICIOUS_MOVE = YES;
				CLANG_WARN_UNGUARDED_AVAILABILITY = YES_AGGRESSIVE;
				CLANG_WARN_UNREACHABLE_CODE = YES;
				CLANG_WARN__DUPLICATE_METHOD_MATCH = YES;
				COPY_PHASE_STRIP = NO;
				DEBUG_INFORMATION_FORMAT = "dwarf-with-dsym";
				ENABLE_NS_ASSERTIONS = NO;
				ENABLE_STRICT_OBJC_MSGSEND = YES;
				GCC_C_LANGUAGE_STANDARD = gnu11;
				GCC_NO_COMMON_BLOCKS = YES;
				GCC_WARN_64_TO_32_BIT_CONVERSION = YES;
				GCC_WARN_ABOUT_RETURN_TYPE = YES_ERROR;
				GCC_WARN_UNDECLARED_SELECTOR = YES;
				GCC_WARN_UNINITIALIZED_AUTOS = YES_AGGRESSIVE;
				GCC_WARN_UNUSED_FUNCTION = YES;
				GCC_WARN_UNUSED_VARIABLE = YES;
				IPHONEOS_DEPLOYMENT_TARGET = 13.2;
				MTL_ENABLE_DEBUG_INFO = NO;
				MTL_FAST_MATH = YES;
				SDKROOT = iphoneos;
				SWIFT_COMPILATION_MODE = wholemodule;
				SWIFT_OPTIMIZATION_LEVEL = "-O";
				VALIDATE_PRODUCT = YES;
			};
			name = Release;
		};
		28747ED523C0E748003BFD9E /* Debug */ = {
			isa = XCBuildConfiguration;
			buildSettings = {
				ASSETCATALOG_COMPILER_APPICON_NAME = AppIcon;
				CODE_SIGN_STYLE = Automatic;
				DEVELOPMENT_TEAM = J8546S84H6;
				INFOPLIST_FILE = Iternarya/Info.plist;
				LD_RUNPATH_SEARCH_PATHS = (
					"$(inherited)",
					"@executable_path/Frameworks",
				);
				PRODUCT_BUNDLE_IDENTIFIER = com.hozaifa.Iternarya;
				PRODUCT_NAME = "$(TARGET_NAME)";
				SWIFT_VERSION = 5.0;
				TARGETED_DEVICE_FAMILY = "1,2";
			};
			name = Debug;
		};
		28747ED623C0E748003BFD9E /* Release */ = {
			isa = XCBuildConfiguration;
			buildSettings = {
				ASSETCATALOG_COMPILER_APPICON_NAME = AppIcon;
				CODE_SIGN_STYLE = Automatic;
				DEVELOPMENT_TEAM = J8546S84H6;
				INFOPLIST_FILE = Iternarya/Info.plist;
				LD_RUNPATH_SEARCH_PATHS = (
					"$(inherited)",
					"@executable_path/Frameworks",
				);
				PRODUCT_BUNDLE_IDENTIFIER = com.hozaifa.Iternarya;
				PRODUCT_NAME = "$(TARGET_NAME)";
				SWIFT_VERSION = 5.0;
				TARGETED_DEVICE_FAMILY = "1,2";
			};
			name = Release;
		};
/* End XCBuildConfiguration section */

/* Begin XCConfigurationList section */
		28747EBB23C0E747003BFD9E /* Build configuration list for PBXProject "Iternarya" */ = {
			isa = XCConfigurationList;
			buildConfigurations = (
				28747ED223C0E748003BFD9E /* Debug */,
				28747ED323C0E748003BFD9E /* Release */,
			);
			defaultConfigurationIsVisible = 0;
			defaultConfigurationName = Release;
		};
		28747ED423C0E748003BFD9E /* Build configuration list for PBXNativeTarget "Iternarya" */ = {
			isa = XCConfigurationList;
			buildConfigurations = (
				28747ED523C0E748003BFD9E /* Debug */,
				28747ED623C0E748003BFD9E /* Release */,
			);
			defaultConfigurationIsVisible = 0;
			defaultConfigurationName = Release;
		};
/* End XCConfigurationList section */
	};
	rootObject = 28747EB823C0E747003BFD9E /* Project object */;
}
